# This file is autogenerated, do not edit; changes may be undone by the next 'dep ensure'.


[[projects]]
  branch = "master"
  name = "golang.org/x/image"
  packages = ["bmp"]
  revision = "cd38e8056d9b27bb2f265effa37fb0ea6b8a7f0f"

[solve-meta]
  analyzer-name = "dep"
  analyzer-version = 1
  inputs-digest = "38f9d80721ea60ecca602701bb290e3e24fcc94cf23379d074e60764bfbbbdb9"
  solver-name = "gps-cdcl"
  solver-version = 1
